dependencies:
- name: postgresql
  repository: https://charts.bitnami.com/bitnami
  version: 10.3.7
- name: redis
  repository: https://charts.bitnami.com/bitnami
  version: 12.8.0
- name: result
  repository: file://local-charts/result
  version: 1.0.0
- name: vote
  repository: file://local-charts/vote
  version: 1.0.0
- name: worker
  repository: file://local-charts/worker
  version: 1.0.1
digest: sha256:cba14d3624411d4385c8a8ab8bac68fefd9203e07a9af5794d7f4a2cdf6ddaae
generated: "2021-02-27T13:37:08.4793356-05:00"
